
Microsoft Visual Studio Solution File, Format Version 12.00
# Visual Studio 15
VisualStudioVersion = 15.0.27703.2018
MinimumVisualStudioVersion = 10.0.40219.1
Project("{FAE04EC0-301F-11D3-BF4B-00C04F79EFBC}") = "SnakesAndLadders", "SnakesAndLadders\SnakesAndLadders.csproj", "{0C30280C-8500-4764-993C-29D2DD0A9586}"
EndProject
Project("{FAE04EC0-301F-11D3-BF4B-00C04F79EFBC}") = "SnakesAndLaddersTest", "SnakesAndLaddersTest\SnakesAndLaddersTest.csproj", "{57FB8CB9-65E9-4757-A470-85331BA6A72E}"
EndProject
Global
	GlobalSection(SolutionConfigurationPlatforms) = preSolution
		Debug|Any CPU = Debug|Any CPU
		Release|Any CPU = Release|Any CPU
	EndGlobalSection
	GlobalSection(ProjectConfigurationPlatforms) = postSolution
		{0C30280C-8500-4764-993C-29D2DD0A9586}.Debug|Any CPU.ActiveCfg = Debug|Any CPU
		{0C30280C-8500-4764-993C-29D2DD0A9586}.Debug|Any CPU.Build.0 = Debug|Any CPU
		{0C30280C-8500-4764-993C-29D2DD0A9586}.Release|Any CPU.ActiveCfg = Release|Any CPU
		{0C30280C-8500-4764-993C-29D2DD0A9586}.Release|Any CPU.Build.0 = Release|Any CPU
		{57FB8CB9-65E9-4757-A470-85331BA6A72E}.Debug|Any CPU.ActiveCfg = Debug|Any CPU
		{57FB8CB9-65E9-4757-A470-85331BA6A72E}.Debug|Any CPU.Build.0 = Debug|Any CPU
		{57FB8CB9-65E9-4757-A470-85331BA6A72E}.Release|Any CPU.ActiveCfg = Release|Any CPU
		{57FB8CB9-65E9-4757-A470-85331BA6A72E}.Release|Any CPU.Build.0 = Release|Any CPU
	EndGlobalSection
	GlobalSection(SolutionProperties) = preSolution
		HideSolutionNode = FALSE
	EndGlobalSection
	GlobalSection(ExtensibilityGlobals) = postSolution
		SolutionGuid = {5361F7A9-B60C-4FAB-869F-874382495D59}
	EndGlobalSection
EndGlobal
